
Microsoft Visual Studio Solution File, Format Version 12.00
# Visual Studio Version 17
VisualStudioVersion = 17.6.33723.286
MinimumVisualStudioVersion = 10.0.40219.1
Project("{FAE04EC0-301F-11D3-BF4B-00C04F79EFBC}") = "ViteMontevideo_API", "ViteMontevideo_API.csproj", "{74521625-01BD-4A9F-BC9F-073A7F0260CE}"
EndProject
Global
	GlobalSection(SolutionConfigurationPlatforms) = preSolution
		Debug|Any CPU = Debug|Any CPU
		Release|Any CPU = Release|Any CPU
	EndGlobalSection
	GlobalSection(ProjectConfigurationPlatforms) = postSolution
		{74521625-01BD-4A9F-BC9F-073A7F0260CE}.Debug|Any CPU.ActiveCfg = Debug|Any CPU
		{74521625-01BD-4A9F-BC9F-073A7F0260CE}.Debug|Any CPU.Build.0 = Debug|Any CPU
		{74521625-01BD-4A9F-BC9F-073A7F0260CE}.Release|Any CPU.ActiveCfg = Release|Any CPU
		{74521625-01BD-4A9F-BC9F-073A7F0260CE}.Release|Any CPU.Build.0 = Release|Any CPU
	EndGlobalSection
	GlobalSection(SolutionProperties) = preSolution
		HideSolutionNode = FALSE
	EndGlobalSection
	GlobalSection(ExtensibilityGlobals) = postSolution
		SolutionGuid = {1FAE8D6B-8570-4629-8792-1F63E5021442}
	EndGlobalSection
EndGlobal
